
Microsoft Visual Studio Solution File, Format Version 12.00
# Visual Studio 15
VisualStudioVersion = 15.0.28307.106
MinimumVisualStudioVersion = 10.0.40219.1
Project("{8BC9CEB8-8B4A-11D0-8D11-00A0C91BC942}") = "Server", "Server\Server.vcxproj", "{5B8E8E25-EA3E-4477-B9DB-FFC2DE1BD913}"
EndProject
Project("{8BC9CEB8-8B4A-11D0-8D11-00A0C91BC942}") = "Client", "Client\Client.vcxproj", "{02A356BC-2513-4B9D-A4DD-C511B7E8A500}"
EndProject
Global
	GlobalSection(SolutionConfigurationPlatforms) = preSolution
		Debug|x64 = Debug|x64
		Debug|x86 = Debug|x86
		Release|x64 = Release|x64
		Release|x86 = Release|x86
	EndGlobalSection
	GlobalSection(ProjectConfigurationPlatforms) = postSolution
		{5B8E8E25-EA3E-4477-B9DB-FFC2DE1BD913}.Debug|x64.ActiveCfg = Debug|x64
		{5B8E8E25-EA3E-4477-B9DB-FFC2DE1BD913}.Debug|x64.Build.0 = Debug|x64
		{5B8E8E25-EA3E-4477-B9DB-FFC2DE1BD913}.Debug|x86.ActiveCfg = Debug|Win32
		{5B8E8E25-EA3E-4477-B9DB-FFC2DE1BD913}.Debug|x86.Build.0 = Debug|Win32
		{5B8E8E25-EA3E-4477-B9DB-FFC2DE1BD913}.Release|x64.ActiveCfg = Release|x64
		{5B8E8E25-EA3E-4477-B9DB-FFC2DE1BD913}.Release|x64.Build.0 = Release|x64
		{5B8E8E25-EA3E-4477-B9DB-FFC2DE1BD913}.Release|x86.ActiveCfg = Release|Win32
		{5B8E8E25-EA3E-4477-B9DB-FFC2DE1BD913}.Release|x86.Build.0 = Release|Win32
		{02A356BC-2513-4B9D-A4DD-C511B7E8A500}.Debug|x64.ActiveCfg = Debug|x64
		{02A356BC-2513-4B9D-A4DD-C511B7E8A500}.Debug|x64.Build.0 = Debug|x64
		{02A356BC-2513-4B9D-A4DD-C511B7E8A500}.Debug|x86.ActiveCfg = Debug|Win32
		{02A356BC-2513-4B9D-A4DD-C511B7E8A500}.Debug|x86.Build.0 = Debug|Win32
		{02A356BC-2513-4B9D-A4DD-C511B7E8A500}.Release|x64.ActiveCfg = Release|x64
		{02A356BC-2513-4B9D-A4DD-C511B7E8A500}.Release|x64.Build.0 = Release|x64
		{02A356BC-2513-4B9D-A4DD-C511B7E8A500}.Release|x86.ActiveCfg = Release|Win32
		{02A356BC-2513-4B9D-A4DD-C511B7E8A500}.Release|x86.Build.0 = Release|Win32
	EndGlobalSection
	GlobalSection(SolutionProperties) = preSolution
		HideSolutionNode = FALSE
	EndGlobalSection
	GlobalSection(ExtensibilityGlobals) = postSolution
		SolutionGuid = {EAD886D4-DBD8-460E-B086-381A7D673E5B}
	EndGlobalSection
EndGlobal
